
Microsoft Visual Studio Solution File, Format Version 12.00
# Visual Studio Version 16
VisualStudioVersion = 16.0.31515.178
MinimumVisualStudioVersion = 10.0.40219.1
Project("{FAE04EC0-301F-11D3-BF4B-00C04F79EFBC}") = "APODWallpaper", "APODWallpaper\APODWallpaper.csproj", "{05D522A2-B58C-4AF2-B2A8-B3DB1CEAB1BA}"
EndProject
Global
	GlobalSection(SolutionConfigurationPlatforms) = preSolution
		Debug|Any CPU = Debug|Any CPU
		Release|Any CPU = Release|Any CPU
	EndGlobalSection
	GlobalSection(ProjectConfigurationPlatforms) = postSolution
		{05D522A2-B58C-4AF2-B2A8-B3DB1CEAB1BA}.Debug|Any CPU.ActiveCfg = Debug|Any CPU
		{05D522A2-B58C-4AF2-B2A8-B3DB1CEAB1BA}.Debug|Any CPU.Build.0 = Debug|Any CPU
		{05D522A2-B58C-4AF2-B2A8-B3DB1CEAB1BA}.Release|Any CPU.ActiveCfg = Release|Any CPU
		{05D522A2-B58C-4AF2-B2A8-B3DB1CEAB1BA}.Release|Any CPU.Build.0 = Release|Any CPU
	EndGlobalSection
	GlobalSection(SolutionProperties) = preSolution
		HideSolutionNode = FALSE
	EndGlobalSection
	GlobalSection(ExtensibilityGlobals) = postSolution
		SolutionGuid = {41504019-C80F-4EF4-93F3-EB0A7A4E4D36}
	EndGlobalSection
EndGlobal
