
Microsoft Visual Studio Solution File, Format Version 12.00
# Visual Studio Version 17
VisualStudioVersion = 17.3.32819.101
MinimumVisualStudioVersion = 10.0.40219.1
Project("{2150E333-8FDC-42A3-9474-1A3956D46DE8}") = "src", "src", "{30C7D9D8-1E91-4009-B6E9-277FB3A1B021}"
EndProject
Project("{9A19103F-16F7-4668-BE54-9A1E7A4F7556}") = "ApodWallpaper.Service", "src\ApodWallpaper.Service\ApodWallpaper.Service.csproj", "{001CA227-A0A7-4101-941B-B91862221E82}"
EndProject
Project("{FAE04EC0-301F-11D3-BF4B-00C04F79EFBC}") = "ApodWallpaper.Core", "src\ApodWallpaper.Core\ApodWallpaper.Core.csproj", "{AA17DFEC-CCCD-433B-A292-315BEFFBB261}"
EndProject
Global
	GlobalSection(SolutionConfigurationPlatforms) = preSolution
		Debug|Any CPU = Debug|Any CPU
		Release|Any CPU = Release|Any CPU
	EndGlobalSection
	GlobalSection(ProjectConfigurationPlatforms) = postSolution
		{001CA227-A0A7-4101-941B-B91862221E82}.Debug|Any CPU.ActiveCfg = Debug|Any CPU
		{001CA227-A0A7-4101-941B-B91862221E82}.Debug|Any CPU.Build.0 = Debug|Any CPU
		{001CA227-A0A7-4101-941B-B91862221E82}.Release|Any CPU.ActiveCfg = Release|Any CPU
		{001CA227-A0A7-4101-941B-B91862221E82}.Release|Any CPU.Build.0 = Release|Any CPU
		{AA17DFEC-CCCD-433B-A292-315BEFFBB261}.Debug|Any CPU.ActiveCfg = Debug|Any CPU
		{AA17DFEC-CCCD-433B-A292-315BEFFBB261}.Debug|Any CPU.Build.0 = Debug|Any CPU
		{AA17DFEC-CCCD-433B-A292-315BEFFBB261}.Release|Any CPU.ActiveCfg = Release|Any CPU
		{AA17DFEC-CCCD-433B-A292-315BEFFBB261}.Release|Any CPU.Build.0 = Release|Any CPU
	EndGlobalSection
	GlobalSection(SolutionProperties) = preSolution
		HideSolutionNode = FALSE
	EndGlobalSection
	GlobalSection(NestedProjects) = preSolution
		{001CA227-A0A7-4101-941B-B91862221E82} = {30C7D9D8-1E91-4009-B6E9-277FB3A1B021}
		{AA17DFEC-CCCD-433B-A292-315BEFFBB261} = {30C7D9D8-1E91-4009-B6E9-277FB3A1B021}
	EndGlobalSection
	GlobalSection(ExtensibilityGlobals) = postSolution
		SolutionGuid = {FB6F2D04-904B-4D63-8CA0-94024FC864F0}
	EndGlobalSection
EndGlobal
